
Microsoft Visual Studio Solution File, Format Version 12.00
# Visual Studio Version 17
VisualStudioVersion = 17.9.34714.143
MinimumVisualStudioVersion = 10.0.40219.1
Project("{FAE04EC0-301F-11D3-BF4B-00C04F79EFBC}") = "ObJects and String_Allen_Jace", "ObJects and String_Allen_Jace\ObJects and String_Allen_Jace.csproj", "{731AF889-113A-4B2C-9C2F-0114D9160D66}"
EndProject
Global
	GlobalSection(SolutionConfigurationPlatforms) = preSolution
		Debug|Any CPU = Debug|Any CPU
		Release|Any CPU = Release|Any CPU
	EndGlobalSection
	GlobalSection(ProjectConfigurationPlatforms) = postSolution
		{731AF889-113A-4B2C-9C2F-0114D9160D66}.Debug|Any CPU.ActiveCfg = Debug|Any CPU
		{731AF889-113A-4B2C-9C2F-0114D9160D66}.Debug|Any CPU.Build.0 = Debug|Any CPU
		{731AF889-113A-4B2C-9C2F-0114D9160D66}.Release|Any CPU.ActiveCfg = Release|Any CPU
		{731AF889-113A-4B2C-9C2F-0114D9160D66}.Release|Any CPU.Build.0 = Release|Any CPU
	EndGlobalSection
	GlobalSection(SolutionProperties) = preSolution
		HideSolutionNode = FALSE
	EndGlobalSection
	GlobalSection(ExtensibilityGlobals) = postSolution
		SolutionGuid = {52AFC968-2439-4717-8B6F-7A5CED23C427}
	EndGlobalSection
EndGlobal
